
Microsoft Visual Studio Solution File, Format Version 12.00
# Visual Studio Version 17
VisualStudioVersion = 17.5.33530.505
MinimumVisualStudioVersion = 10.0.40219.1
Project("{FAE04EC0-301F-11D3-BF4B-00C04F79EFBC}") = "FinalProjectCatalogue", "FinalProjectCatalogue\FinalProjectCatalogue.csproj", "{4D0D09F6-D45E-45CF-9BDF-06D3A388BFCA}"
EndProject
Project("{FAE04EC0-301F-11D3-BF4B-00C04F79EFBC}") = "Data", "Data\Data.csproj", "{EDF738CF-C2F5-4D85-80E5-2B1F8EB76565}"
EndProject
Global
	GlobalSection(SolutionConfigurationPlatforms) = preSolution
		Debug|Any CPU = Debug|Any CPU
		Release|Any CPU = Release|Any CPU
	EndGlobalSection
	GlobalSection(ProjectConfigurationPlatforms) = postSolution
		{4D0D09F6-D45E-45CF-9BDF-06D3A388BFCA}.Debug|Any CPU.ActiveCfg = Debug|Any CPU
		{4D0D09F6-D45E-45CF-9BDF-06D3A388BFCA}.Debug|Any CPU.Build.0 = Debug|Any CPU
		{4D0D09F6-D45E-45CF-9BDF-06D3A388BFCA}.Release|Any CPU.ActiveCfg = Release|Any CPU
		{4D0D09F6-D45E-45CF-9BDF-06D3A388BFCA}.Release|Any CPU.Build.0 = Release|Any CPU
		{EDF738CF-C2F5-4D85-80E5-2B1F8EB76565}.Debug|Any CPU.ActiveCfg = Debug|Any CPU
		{EDF738CF-C2F5-4D85-80E5-2B1F8EB76565}.Debug|Any CPU.Build.0 = Debug|Any CPU
		{EDF738CF-C2F5-4D85-80E5-2B1F8EB76565}.Release|Any CPU.ActiveCfg = Release|Any CPU
		{EDF738CF-C2F5-4D85-80E5-2B1F8EB76565}.Release|Any CPU.Build.0 = Release|Any CPU
	EndGlobalSection
	GlobalSection(SolutionProperties) = preSolution
		HideSolutionNode = FALSE
	EndGlobalSection
	GlobalSection(ExtensibilityGlobals) = postSolution
		SolutionGuid = {CE8DF2F7-7D1C-42E8-ADDD-3813CB86E2BB}
	EndGlobalSection
EndGlobal
